
Microsoft Visual Studio Solution File, Format Version 12.00
# Visual Studio 15
VisualStudioVersion = 15.0.28307.489
MinimumVisualStudioVersion = 10.0.40219.1
Project("{FAE04EC0-301F-11D3-BF4B-00C04F79EFBC}") = "Plug_Parser_Plugin", "library\Plug_Parser_Plugin.csproj", "{07D23DD1-CDF6-4BDF-979B-9CA28A6E3482}"
EndProject
Global
	GlobalSection(SolutionConfigurationPlatforms) = preSolution
		Debug|Any CPU = Debug|Any CPU
		Release|Any CPU = Release|Any CPU
	EndGlobalSection
	GlobalSection(ProjectConfigurationPlatforms) = postSolution
		{07D23DD1-CDF6-4BDF-979B-9CA28A6E3482}.Debug|Any CPU.ActiveCfg = Debug|Any CPU
		{07D23DD1-CDF6-4BDF-979B-9CA28A6E3482}.Debug|Any CPU.Build.0 = Debug|Any CPU
		{07D23DD1-CDF6-4BDF-979B-9CA28A6E3482}.Release|Any CPU.ActiveCfg = Release|Any CPU
		{07D23DD1-CDF6-4BDF-979B-9CA28A6E3482}.Release|Any CPU.Build.0 = Release|Any CPU
	EndGlobalSection
	GlobalSection(SolutionProperties) = preSolution
		HideSolutionNode = FALSE
	EndGlobalSection
	GlobalSection(ExtensibilityGlobals) = postSolution
		SolutionGuid = {303FC24D-0222-4E99-8094-C153BFD9D0D0}
	EndGlobalSection
EndGlobal
